// !$*UTF8*$!
{
	archiveVersion = 1;
	classes = {
	};
	objectVersion = 46;
	objects = {

/* Begin PBXBuildFile section */
		D0613D101957C3B9008EFF37 /* Foundation.framework in Frameworks */ = {isa = PBXBuildFile; fileRef = D0613D0F1957C3B9008EFF37 /* Foundation.framework */; };
		D0613D121957C3B9008EFF37 /* CoreGraphics.framework in Frameworks */ = {isa = PBXBuildFile; fileRef = D0613D111957C3B9008EFF37 /* CoreGraphics.framework */; };
		D0613D141957C3B9008EFF37 /* UIKit.framework in Frameworks */ = {isa = PBXBuildFile; fileRef = D0613D131957C3B9008EFF37 /* UIKit.framework */; };
		D0613D1A1957C3B9008EFF37 /* InfoPlist.strings in Resources */ = {isa = PBXBuildFile; fileRef = D0613D181957C3B9008EFF37 /* InfoPlist.strings */; };
		D0613D1C1957C3B9008EFF37 /* main.m in Sources */ = {isa = PBXBuildFile; fileRef = D0613D1B1957C3B9008EFF37 /* main.m */; };
		D0613D201957C3B9008EFF37 /* AppDelegate.m in Sources */ = {isa = PBXBuildFile; fileRef = D0613D1F1957C3B9008EFF37 /* AppDelegate.m */; };
		D0613D221957C3B9008EFF37 /* Images.xcassets in Resources */ = {isa = PBXBuildFile; fileRef = D0613D211957C3B9008EFF37 /* Images.xcassets */; };
		D0613D291957C3B9008EFF37 /* XCTest.framework in Frameworks */ = {isa = PBXBuildFile; fileRef = D0613D281957C3B9008EFF37 /* XCTest.framework */; };
		D0613D2A1957C3B9008EFF37 /* Foundation.framework in Frameworks */ = {isa = PBXBuildFile; fileRef = D0613D0F1957C3B9008EFF37 /* Foundation.framework */; };
		D0613D2B1957C3B9008EFF37 /* UIKit.framework in Frameworks */ = {isa = PBXBuildFile; fileRef = D0613D131957C3B9008EFF37 /* UIKit.framework */; };
		D0613D331957C3B9008EFF37 /* InfoPlist.strings in Resources */ = {isa = PBXBuildFile; fileRef = D0613D311957C3B9008EFF37 /* InfoPlist.strings */; };
		D0613D351957C3B9008EFF37 /* FBLoginTests.m in Sources */ = {isa = PBXBuildFile; fileRef = D0613D341957C3B9008EFF37 /* FBLoginTests.m */; };
		D0613D411957C464008EFF37 /* MainViewController.m in Sources */ = {isa = PBXBuildFile; fileRef = D0613D3F1957C464008EFF37 /* MainViewController.m */; };
		D0613D421957C464008EFF37 /* MainViewController.xib in Resources */ = {isa = PBXBuildFile; fileRef = D0613D401957C464008EFF37 /* MainViewController.xib */; };
		D090ACDF195A78FB00B8B899 /* FeedViewController.m in Sources */ = {isa = PBXBuildFile; fileRef = D090ACDD195A78FB00B8B899 /* FeedViewController.m */; };
		D090ACE0195A78FB00B8B899 /* FeedViewController.xib in Resources */ = {isa = PBXBuildFile; fileRef = D090ACDE195A78FB00B8B899 /* FeedViewController.xib */; };
		D0E7865B195DCB6700F5D1FC /* RequestViewController.m in Sources */ = {isa = PBXBuildFile; fileRef = D0E78659195DCB6700F5D1FC /* RequestViewController.m */; };
		D0E7865C195DCB6700F5D1FC /* RequestViewController.xib in Resources */ = {isa = PBXBuildFile; fileRef = D0E7865A195DCB6700F5D1FC /* RequestViewController.xib */; };
		D0E78660195DCB7A00F5D1FC /* MessageViewController.m in Sources */ = {isa = PBXBuildFile; fileRef = D0E7865E195DCB7A00F5D1FC /* MessageViewController.m */; };
		D0E78661195DCB7A00F5D1FC /* MessageViewController.xib in Resources */ = {isa = PBXBuildFile; fileRef = D0E7865F195DCB7A00F5D1FC /* MessageViewController.xib */; };
		D0E78668195DCBB400F5D1FC /* NotificationViewController.m in Sources */ = {isa = PBXBuildFile; fileRef = D0E78666195DCBB400F5D1FC /* NotificationViewController.m */; };
		D0E78669195DCBB400F5D1FC /* NotificationViewController.xib in Resources */ = {isa = PBXBuildFile; fileRef = D0E78667195DCBB400F5D1FC /* NotificationViewController.xib */; };
		D0E7866D195DCBDC00F5D1FC /* MoreViewController.m in Sources */ = {isa = PBXBuildFile; fileRef = D0E7866B195DCBDC00F5D1FC /* MoreViewController.m */; };
		D0E7866E195DCBDC00F5D1FC /* MoreViewController.xib in Resources */ = {isa = PBXBuildFile; fileRef = D0E7866C195DCBDC00F5D1FC /* MoreViewController.xib */; };
/* End PBXBuildFile section */

/* Begin PBXContainerItemProxy section */
		D0613D2C1957C3B9008EFF37 /* PBXContainerItemProxy */ = {
			isa = PBXContainerItemProxy;
			containerPortal = D0613D041957C3B9008EFF37 /* Project object */;
			proxyType = 1;
			remoteGlobalIDString = D0613D0B1957C3B9008EFF37;
			remoteInfo = FBLogin;
		};
/* End PBXContainerItemProxy section */

/* Begin PBXFileReference section */
		D0613D0C1957C3B9008EFF37 /* FBLogin.app */ = {isa = PBXFileReference; explicitFileType = wrapper.application; includeInIndex = 0; path = FBLogin.app; sourceTree = BUILT_PRODUCTS_DIR; };
		D0613D0F1957C3B9008EFF37 /* Foundation.framework */ = {isa = PBXFileReference; lastKnownFileType = wrapper.framework; name = Foundation.framework; path = System/Library/Frameworks/Foundation.framework; sourceTree = SDKROOT; };
		D0613D111957C3B9008EFF37 /* CoreGraphics.framework */ = {isa = PBXFileReference; lastKnownFileType = wrapper.framework; name = CoreGraphics.framework; path = System/Library/Frameworks/CoreGraphics.framework; sourceTree = SDKROOT; };
		D0613D131957C3B9008EFF37 /* UIKit.framework */ = {isa = PBXFileReference; lastKnownFileType = wrapper.framework; name = UIKit.framework; path = System/Library/Frameworks/UIKit.framework; sourceTree = SDKROOT; };
		D0613D171957C3B9008EFF37 /* FBLogin-Info.plist */ = {isa = PBXFileReference; lastKnownFileType = text.plist.xml; path = "FBLogin-Info.plist"; sourceTree = "<group>"; };
		D0613D191957C3B9008EFF37 /* en */ = {isa = PBXFileReference; lastKnownFileType = text.plist.strings; name = en; path = en.lproj/InfoPlist.strings; sourceTree = "<group>"; };
		D0613D1B1957C3B9008EFF37 /* main.m */ = {isa = PBXFileReference; lastKnownFileType = sourcecode.c.objc; path = main.m; sourceTree = "<group>"; };
		D0613D1D1957C3B9008EFF37 /* FBLogin-Prefix.pch */ = {isa = PBXFileReference; lastKnownFileType = sourcecode.c.h; path = "FBLogin-Prefix.pch"; sourceTree = "<group>"; };
		D0613D1E1957C3B9008EFF37 /* AppDelegate.h */ = {isa = PBXFileReference; lastKnownFileType = sourcecode.c.h; path = AppDelegate.h; sourceTree = "<group>"; };
		D0613D1F1957C3B9008EFF37 /* AppDelegate.m */ = {isa = PBXFileReference; lastKnownFileType = sourcecode.c.objc; path = AppDelegate.m; sourceTree = "<group>"; };
		D0613D211957C3B9008EFF37 /* Images.xcassets */ = {isa = PBXFileReference; lastKnownFileType = folder.assetcatalog; path = Images.xcassets; sourceTree = "<group>"; };
		D0613D271957C3B9008EFF37 /* FBLoginTests.xctest */ = {isa = PBXFileReference; explicitFileType = wrapper.cfbundle; includeInIndex = 0; path = FBLoginTests.xctest; sourceTree = BUILT_PRODUCTS_DIR; };
		D0613D281957C3B9008EFF37 /* XCTest.framework */ = {isa = PBXFileReference; lastKnownFileType = wrapper.framework; name = XCTest.framework; path = Library/Frameworks/XCTest.framework; sourceTree = DEVELOPER_DIR; };
		D0613D301957C3B9008EFF37 /* FBLoginTests-Info.plist */ = {isa = PBXFileReference; lastKnownFileType = text.plist.xml; path = "FBLoginTests-Info.plist"; sourceTree = "<group>"; };
		D0613D321957C3B9008EFF37 /* en */ = {isa = PBXFileReference; lastKnownFileType = text.plist.strings; name = en; path = en.lproj/InfoPlist.strings; sourceTree = "<group>"; };
		D0613D341957C3B9008EFF37 /* FBLoginTests.m */ = {isa = PBXFileReference; lastKnownFileType = sourcecode.c.objc; path = FBLoginTests.m; sourceTree = "<group>"; };
		D0613D3E1957C464008EFF37 /* MainViewController.h */ = {isa = PBXFileReference; fileEncoding = 4; lastKnownFileType = sourcecode.c.h; path = MainViewController.h; sourceTree = "<group>"; };
		D0613D3F1957C464008EFF37 /* MainViewController.m */ = {isa = PBXFileReference; fileEncoding = 4; lastKnownFileType = sourcecode.c.objc; path = MainViewController.m; sourceTree = "<group>"; };
		D0613D401957C464008EFF37 /* MainViewController.xib */ = {isa = PBXFileReference; fileEncoding = 4; lastKnownFileType = file.xib; path = MainViewController.xib; sourceTree = "<group>"; };
		D090ACDC195A78FB00B8B899 /* FeedViewController.h */ = {isa = PBXFileReference; fileEncoding = 4; lastKnownFileType = sourcecode.c.h; path = FeedViewController.h; sourceTree = "<group>"; };
		D090ACDD195A78FB00B8B899 /* FeedViewController.m */ = {isa = PBXFileReference; fileEncoding = 4; lastKnownFileType = sourcecode.c.objc; path = FeedViewController.m; sourceTree = "<group>"; };
		D090ACDE195A78FB00B8B899 /* FeedViewController.xib */ = {isa = PBXFileReference; fileEncoding = 4; lastKnownFileType = file.xib; path = FeedViewController.xib; sourceTree = "<group>"; };
		D0E78658195DCB6700F5D1FC /* RequestViewController.h */ = {isa = PBXFileReference; fileEncoding = 4; lastKnownFileType = sourcecode.c.h; path = RequestViewController.h; sourceTree = "<group>"; };
		D0E78659195DCB6700F5D1FC /* RequestViewController.m */ = {isa = PBXFileReference; fileEncoding = 4; lastKnownFileType = sourcecode.c.objc; path = RequestViewController.m; sourceTree = "<group>"; };
		D0E7865A195DCB6700F5D1FC /* RequestViewController.xib */ = {isa = PBXFileReference; fileEncoding = 4; lastKnownFileType = file.xib; path = RequestViewController.xib; sourceTree = "<group>"; };
		D0E7865D195DCB7A00F5D1FC /* MessageViewController.h */ = {isa = PBXFileReference; fileEncoding = 4; lastKnownFileType = sourcecode.c.h; path = MessageViewController.h; sourceTree = "<group>"; };
		D0E7865E195DCB7A00F5D1FC /* MessageViewController.m */ = {isa = PBXFileReference; fileEncoding = 4; lastKnownFileType = sourcecode.c.objc; path = MessageViewController.m; sourceTree = "<group>"; };
		D0E7865F195DCB7A00F5D1FC /* MessageViewController.xib */ = {isa = PBXFileReference; fileEncoding = 4; lastKnownFileType = file.xib; path = MessageViewController.xib; sourceTree = "<group>"; };
		D0E78665195DCBB400F5D1FC /* NotificationViewController.h */ = {isa = PBXFileReference; fileEncoding = 4; lastKnownFileType = sourcecode.c.h; path = NotificationViewController.h; sourceTree = "<group>"; };
		D0E78666195DCBB400F5D1FC /* NotificationViewController.m */ = {isa = PBXFileReference; fileEncoding = 4; lastKnownFileType = sourcecode.c.objc; path = NotificationViewController.m; sourceTree = "<group>"; };
		D0E78667195DCBB400F5D1FC /* NotificationViewController.xib */ = {isa = PBXFileReference; fileEncoding = 4; lastKnownFileType = file.xib; path = NotificationViewController.xib; sourceTree = "<group>"; };
		D0E7866A195DCBDC00F5D1FC /* MoreViewController.h */ = {isa = PBXFileReference; fileEncoding = 4; lastKnownFileType = sourcecode.c.h; path = MoreViewController.h; sourceTree = "<group>"; };
		D0E7866B195DCBDC00F5D1FC /* MoreViewController.m */ = {isa = PBXFileReference; fileEncoding = 4; lastKnownFileType = sourcecode.c.objc; path = MoreViewController.m; sourceTree = "<group>"; };
		D0E7866C195DCBDC00F5D1FC /* MoreViewController.xib */ = {isa = PBXFileReference; fileEncoding = 4; lastKnownFileType = file.xib; path = MoreViewController.xib; sourceTree = "<group>"; };
/* End PBXFileReference section */

/* Begin PBXFrameworksBuildPhase section */
		D0613D091957C3B9008EFF37 /* Frameworks */ = {
			isa = PBXFrameworksBuildPhase;
			buildActionMask = 2147483647;
			files = (
				D0613D121957C3B9008EFF37 /* CoreGraphics.framework in Frameworks */,
				D0613D141957C3B9008EFF37 /* UIKit.framework in Frameworks */,
				D0613D101957C3B9008EFF37 /* Foundation.framework in Frameworks */,
			);
			runOnlyForDeploymentPostprocessing = 0;
		};
		D0613D241957C3B9008EFF37 /* Frameworks */ = {
			isa = PBXFrameworksBuildPhase;
			buildActionMask = 2147483647;
			files = (
				D0613D291957C3B9008EFF37 /* XCTest.framework in Frameworks */,
				D0613D2B1957C3B9008EFF37 /* UIKit.framework in Frameworks */,
				D0613D2A1957C3B9008EFF37 /* Foundation.framework in Frameworks */,
			);
			runOnlyForDeploymentPostprocessing = 0;
		};
/* End PBXFrameworksBuildPhase section */

/* Begin PBXGroup section */
		D0613D031957C3B9008EFF37 = {
			isa = PBXGroup;
			children = (
				D0613D151957C3B9008EFF37 /* FBLogin */,
				D0613D2E1957C3B9008EFF37 /* FBLoginTests */,
				D0613D0E1957C3B9008EFF37 /* Frameworks */,
				D0613D0D1957C3B9008EFF37 /* Products */,
			);
			sourceTree = "<group>";
		};
		D0613D0D1957C3B9008EFF37 /* Products */ = {
			isa = PBXGroup;
			children = (
				D0613D0C1957C3B9008EFF37 /* FBLogin.app */,
				D0613D271957C3B9008EFF37 /* FBLoginTests.xctest */,
			);
			name = Products;
			sourceTree = "<group>";
		};
		D0613D0E1957C3B9008EFF37 /* Frameworks */ = {
			isa = PBXGroup;
			children = (
				D0613D0F1957C3B9008EFF37 /* Foundation.framework */,
				D0613D111957C3B9008EFF37 /* CoreGraphics.framework */,
				D0613D131957C3B9008EFF37 /* UIKit.framework */,
				D0613D281957C3B9008EFF37 /* XCTest.framework */,
			);
			name = Frameworks;
			sourceTree = "<group>";
		};
		D0613D151957C3B9008EFF37 /* FBLogin */ = {
			isa = PBXGroup;
			children = (
				D0613D1E1957C3B9008EFF37 /* AppDelegate.h */,
				D0613D1F1957C3B9008EFF37 /* AppDelegate.m */,
				D0613D211957C3B9008EFF37 /* Images.xcassets */,
				D0613D161957C3B9008EFF37 /* Supporting Files */,
				D0613D3E1957C464008EFF37 /* MainViewController.h */,
				D0613D3F1957C464008EFF37 /* MainViewController.m */,
				D0613D401957C464008EFF37 /* MainViewController.xib */,
				D090ACDC195A78FB00B8B899 /* FeedViewController.h */,
				D090ACDD195A78FB00B8B899 /* FeedViewController.m */,
				D090ACDE195A78FB00B8B899 /* FeedViewController.xib */,
				D0E78658195DCB6700F5D1FC /* RequestViewController.h */,
				D0E78659195DCB6700F5D1FC /* RequestViewController.m */,
				D0E7865A195DCB6700F5D1FC /* RequestViewController.xib */,
				D0E7865D195DCB7A00F5D1FC /* MessageViewController.h */,
				D0E7865E195DCB7A00F5D1FC /* MessageViewController.m */,
				D0E7865F195DCB7A00F5D1FC /* MessageViewController.xib */,
				D0E78665195DCBB400F5D1FC /* NotificationViewController.h */,
				D0E78666195DCBB400F5D1FC /* NotificationViewController.m */,
				D0E78667195DCBB400F5D1FC /* NotificationViewController.xib */,
				D0E7866A195DCBDC00F5D1FC /* MoreViewController.h */,
				D0E7866B195DCBDC00F5D1FC /* MoreViewController.m */,
				D0E7866C195DCBDC00F5D1FC /* MoreViewController.xib */,
			);
			path = FBLogin;
			sourceTree = "<group>";
		};
		D0613D161957C3B9008EFF37 /* Supporting Files */ = {
			isa = PBXGroup;
			children = (
				D0613D171957C3B9008EFF37 /* FBLogin-Info.plist */,
				D0613D181957C3B9008EFF37 /* InfoPlist.strings */,
				D0613D1B1957C3B9008EFF37 /* main.m */,
				D0613D1D1957C3B9008EFF37 /* FBLogin-Prefix.pch */,
			);
			name = "Supporting Files";
			sourceTree = "<group>";
		};
		D0613D2E1957C3B9008EFF37 /* FBLoginTests */ = {
			isa = PBXGroup;
			children = (
				D0613D341957C3B9008EFF37 /* FBLoginTests.m */,
				D0613D2F1957C3B9008EFF37 /* Supporting Files */,
			);
			path = FBLoginTests;
			sourceTree = "<group>";
		};
		D0613D2F1957C3B9008EFF37 /* Supporting Files */ = {
			isa = PBXGroup;
			children = (
				D0613D301957C3B9008EFF37 /* FBLoginTests-Info.plist */,
				D0613D311957C3B9008EFF37 /* InfoPlist.strings */,
			);
			name = "Supporting Files";
			sourceTree = "<group>";
		};
/* End PBXGroup section */

/* Begin PBXNativeTarget section */
		D0613D0B1957C3B9008EFF37 /* FBLogin */ = {
			isa = PBXNativeTarget;
			buildConfigurationList = D0613D381957C3B9008EFF37 /* Build configuration list for PBXNativeTarget "FBLogin" */;
			buildPhases = (
				D0613D081957C3B9008EFF37 /* Sources */,
				D0613D091957C3B9008EFF37 /* Frameworks */,
				D0613D0A1957C3B9008EFF37 /* Resources */,
			);
			buildRules = (
			);
			dependencies = (
			);
			name = FBLogin;
			productName = FBLogin;
			productReference = D0613D0C1957C3B9008EFF37 /* FBLogin.app */;
			productType = "com.apple.product-type.application";
		};
		D0613D261957C3B9008EFF37 /* FBLoginTests */ = {
			isa = PBXNativeTarget;
			buildConfigurationList = D0613D3B1957C3B9008EFF37 /* Build configuration list for PBXNativeTarget "FBLoginTests" */;
			buildPhases = (
				D0613D231957C3B9008EFF37 /* Sources */,
				D0613D241957C3B9008EFF37 /* Frameworks */,
				D0613D251957C3B9008EFF37 /* Resources */,
			);
			buildRules = (
			);
			dependencies = (
				D0613D2D1957C3B9008EFF37 /* PBXTargetDependency */,
			);
			name = FBLoginTests;
			productName = FBLoginTests;
			productReference = D0613D271957C3B9008EFF37 /* FBLoginTests.xctest */;
			productType = "com.apple.product-type.bundle.unit-test";
		};
/* End PBXNativeTarget section */

/* Begin PBXProject section */
		D0613D041957C3B9008EFF37 /* Project object */ = {
			isa = PBXProject;
			attributes = {
				LastUpgradeCheck = 0510;
				ORGANIZATIONNAME = codepath;
				TargetAttributes = {
					D0613D261957C3B9008EFF37 = {
						TestTargetID = D0613D0B1957C3B9008EFF37;
					};
				};
			};
			buildConfigurationList = D0613D071957C3B9008EFF37 /* Build configuration list for PBXProject "FBLogin" */;
			compatibilityVersion = "Xcode 3.2";
			developmentRegion = English;
			hasScannedForEncodings = 0;
			knownRegions = (
				en,
			);
			mainGroup = D0613D031957C3B9008EFF37;
			productRefGroup = D0613D0D1957C3B9008EFF37 /* Products */;
			projectDirPath = "";
			projectRoot = "";
			targets = (
				D0613D0B1957C3B9008EFF37 /* FBLogin */,
				D0613D261957C3B9008EFF37 /* FBLoginTests */,
			);
		};
/* End PBXProject section */

/* Begin PBXResourcesBuildPhase section */
		D0613D0A1957C3B9008EFF37 /* Resources */ = {
			isa = PBXResourcesBuildPhase;
			buildActionMask = 2147483647;
			files = (
				D0613D1A1957C3B9008EFF37 /* InfoPlist.strings in Resources */,
				D0E7866E195DCBDC00F5D1FC /* MoreViewController.xib in Resources */,
				D0613D421957C464008EFF37 /* MainViewController.xib in Resources */,
				D0E78661195DCB7A00F5D1FC /* MessageViewController.xib in Resources */,
				D090ACE0195A78FB00B8B899 /* FeedViewController.xib in Resources */,
				D0613D221957C3B9008EFF37 /* Images.xcassets in Resources */,
				D0E7865C195DCB6700F5D1FC /* RequestViewController.xib in Resources */,
				D0E78669195DCBB400F5D1FC /* NotificationViewController.xib in Resources */,
			);
			runOnlyForDeploymentPostprocessing = 0;
		};
		D0613D251957C3B9008EFF37 /* Resources */ = {
			isa = PBXResourcesBuildPhase;
			buildActionMask = 2147483647;
			files = (
				D0613D331957C3B9008EFF37 /* InfoPlist.strings in Resources */,
			);
			runOnlyForDeploymentPostprocessing = 0;
		};
/* End PBXResourcesBuildPhase section */

/* Begin PBXSourcesBuildPhase section */
		D0613D081957C3B9008EFF37 /* Sources */ = {
			isa = PBXSourcesBuildPhase;
			buildActionMask = 2147483647;
			files = (
				D0E78668195DCBB400F5D1FC /* NotificationViewController.m in Sources */,
				D0E7866D195DCBDC00F5D1FC /* MoreViewController.m in Sources */,
				D0E78660195DCB7A00F5D1FC /* MessageViewController.m in Sources */,
				D0E7865B195DCB6700F5D1FC /* RequestViewController.m in Sources */,
				D0613D201957C3B9008EFF37 /* AppDelegate.m in Sources */,
				D0613D411957C464008EFF37 /* MainViewController.m in Sources */,
				D090ACDF195A78FB00B8B899 /* FeedViewController.m in Sources */,
				D0613D1C1957C3B9008EFF37 /* main.m in Sources */,
			);
			runOnlyForDeploymentPostprocessing = 0;
		};
		D0613D231957C3B9008EFF37 /* Sources */ = {
			isa = PBXSourcesBuildPhase;
			buildActionMask = 2147483647;
			files = (
				D0613D351957C3B9008EFF37 /* FBLoginTests.m in Sources */,
			);
			runOnlyForDeploymentPostprocessing = 0;
		};
/* End PBXSourcesBuildPhase section */

/* Begin PBXTargetDependency section */
		D0613D2D1957C3B9008EFF37 /* PBXTargetDependency */ = {
			isa = PBXTargetDependency;
			target = D0613D0B1957C3B9008EFF37 /* FBLogin */;
			targetProxy = D0613D2C1957C3B9008EFF37 /* PBXContainerItemProxy */;
		};
/* End PBXTargetDependency section */

/* Begin PBXVariantGroup section */
		D0613D181957C3B9008EFF37 /* InfoPlist.strings */ = {
			isa = PBXVariantGroup;
			children = (
				D0613D191957C3B9008EFF37 /* en */,
			);
			name = InfoPlist.strings;
			sourceTree = "<group>";
		};
		D0613D311957C3B9008EFF37 /* InfoPlist.strings */ = {
			isa = PBXVariantGroup;
			children = (
				D0613D321957C3B9008EFF37 /* en */,
			);
			name = InfoPlist.strings;
			sourceTree = "<group>";
		};
/* End PBXVariantGroup section */

/* Begin XCBuildConfiguration section */
		D0613D361957C3B9008EFF37 /* Debug */ = {
			isa = XCBuildConfiguration;
			buildSettings = {
				ALWAYS_SEARCH_USER_PATHS = NO;
				CLANG_CXX_LANGUAGE_STANDARD = "gnu++0x";
				CLANG_CXX_LIBRARY = "libc++";
				CLANG_ENABLE_MODULES = YES;
				CLANG_ENABLE_OBJC_ARC = YES;
				CLANG_WARN_BOOL_CONVERSION = YES;
				CLANG_WARN_CONSTANT_CONVERSION = YES;
				CLANG_WARN_DIRECT_OBJC_ISA_USAGE = YES_ERROR;
				CLANG_WARN_EMPTY_BODY = YES;
				CLANG_WARN_ENUM_CONVERSION = YES;
				CLANG_WARN_INT_CONVERSION = YES;
				CLANG_WARN_OBJC_ROOT_CLASS = YES_ERROR;
				CLANG_WARN__DUPLICATE_METHOD_MATCH = YES;
				"CODE_SIGN_IDENTITY[sdk=iphoneos*]" = "iPhone Developer";
				COPY_PHASE_STRIP = NO;
				GCC_C_LANGUAGE_STANDARD = gnu99;
				GCC_DYNAMIC_NO_PIC = NO;
				GCC_OPTIMIZATION_LEVEL = 0;
				GCC_PREPROCESSOR_DEFINITIONS = (
					"DEBUG=1",
					"$(inherited)",
				);
				GCC_SYMBOLS_PRIVATE_EXTERN = NO;
				GCC_WARN_64_TO_32_BIT_CONVERSION = YES;
				GCC_WARN_ABOUT_RETURN_TYPE = YES_ERROR;
				GCC_WARN_UNDECLARED_SELECTOR = YES;
				GCC_WARN_UNINITIALIZED_AUTOS = YES_AGGRESSIVE;
				GCC_WARN_UNUSED_FUNCTION = YES;
				GCC_WARN_UNUSED_VARIABLE = YES;
				IPHONEOS_DEPLOYMENT_TARGET = 7.1;
				ONLY_ACTIVE_ARCH = YES;
				SDKROOT = iphoneos;
			};
			name = Debug;
		};
		D0613D371957C3B9008EFF37 /* Release */ = {
			isa = XCBuildConfiguration;
			buildSettings = {
				ALWAYS_SEARCH_USER_PATHS = NO;
				CLANG_CXX_LANGUAGE_STANDARD = "gnu++0x";
				CLANG_CXX_LIBRARY = "libc++";
				CLANG_ENABLE_MODULES = YES;
				CLANG_ENABLE_OBJC_ARC = YES;
				CLANG_WARN_BOOL_CONVERSION = YES;
				CLANG_WARN_CONSTANT_CONVERSION = YES;
				CLANG_WARN_DIRECT_OBJC_ISA_USAGE = YES_ERROR;
				CLANG_WARN_EMPTY_BODY = YES;
				CLANG_WARN_ENUM_CONVERSION = YES;
				CLANG_WARN_INT_CONVERSION = YES;
				CLANG_WARN_OBJC_ROOT_CLASS = YES_ERROR;
				CLANG_WARN__DUPLICATE_METHOD_MATCH = YES;
				"CODE_SIGN_IDENTITY[sdk=iphoneos*]" = "iPhone Developer";
				COPY_PHASE_STRIP = YES;
				ENABLE_NS_ASSERTIONS = NO;
				GCC_C_LANGUAGE_STANDARD = gnu99;
				GCC_WARN_64_TO_32_BIT_CONVERSION = YES;
				GCC_WARN_ABOUT_RETURN_TYPE = YES_ERROR;
				GCC_WARN_UNDECLARED_SELECTOR = YES;
				GCC_WARN_UNINITIALIZED_AUTOS = YES_AGGRESSIVE;
				GCC_WARN_UNUSED_FUNCTION = YES;
				GCC_WARN_UNUSED_VARIABLE = YES;
				IPHONEOS_DEPLOYMENT_TARGET = 7.1;
				SDKROOT = iphoneos;
				VALIDATE_PRODUCT = YES;
			};
			name = Release;
		};
		D0613D391957C3B9008EFF37 /* Debug */ = {
			isa = XCBuildConfiguration;
			buildSettings = {
				ASSETCATALOG_COMPILER_APPICON_NAME = AppIcon;
				ASSETCATALOG_COMPILER_LAUNCHIMAGE_NAME = LaunchImage;
				GCC_PRECOMPILE_PREFIX_HEADER = YES;
				GCC_PREFIX_HEADER = "FBLogin/FBLogin-Prefix.pch";
				INFOPLIST_FILE = "FBLogin/FBLogin-Info.plist";
				PRODUCT_NAME = "$(TARGET_NAME)";
				WRAPPER_EXTENSION = app;
			};
			name = Debug;
		};
		D0613D3A1957C3B9008EFF37 /* Release */ = {
			isa = XCBuildConfiguration;
			buildSettings = {
				ASSETCATALOG_COMPILER_APPICON_NAME = AppIcon;
				ASSETCATALOG_COMPILER_LAUNCHIMAGE_NAME = LaunchImage;
				GCC_PRECOMPILE_PREFIX_HEADER = YES;
				GCC_PREFIX_HEADER = "FBLogin/FBLogin-Prefix.pch";
				INFOPLIST_FILE = "FBLogin/FBLogin-Info.plist";
				PRODUCT_NAME = "$(TARGET_NAME)";
				WRAPPER_EXTENSION = app;
			};
			name = Release;
		};
		D0613D3C1957C3B9008EFF37 /* Debug */ = {
			isa = XCBuildConfiguration;
			buildSettings = {
				BUNDLE_LOADER = "$(BUILT_PRODUCTS_DIR)/FBLogin.app/FBLogin";
				FRAMEWORK_SEARCH_PATHS = (
					"$(SDKROOT)/Developer/Library/Frameworks",
					"$(inherited)",
					"$(DEVELOPER_FRAMEWORKS_DIR)",
				);
				GCC_PRECOMPILE_PREFIX_HEADER = YES;
				GCC_PREFIX_HEADER = "FBLogin/FBLogin-Prefix.pch";
				GCC_PREPROCESSOR_DEFINITIONS = (
					"DEBUG=1",
					"$(inherited)",
				);
				INFOPLIST_FILE = "FBLoginTests/FBLoginTests-Info.plist";
				PRODUCT_NAME = "$(TARGET_NAME)";
				TEST_HOST = "$(BUNDLE_LOADER)";
				WRAPPER_EXTENSION = xctest;
			};
			name = Debug;
		};
		D0613D3D1957C3B9008EFF37 /* Release */ = {
			isa = XCBuildConfiguration;
			buildSettings = {
				BUNDLE_LOADER = "$(BUILT_PRODUCTS_DIR)/FBLogin.app/FBLogin";
				FRAMEWORK_SEARCH_PATHS = (
					"$(SDKROOT)/Developer/Library/Frameworks",
					"$(inherited)",
					"$(DEVELOPER_FRAMEWORKS_DIR)",
				);
				GCC_PRECOMPILE_PREFIX_HEADER = YES;
				GCC_PREFIX_HEADER = "FBLogin/FBLogin-Prefix.pch";
				INFOPLIST_FILE = "FBLoginTests/FBLoginTests-Info.plist";
				PRODUCT_NAME = "$(TARGET_NAME)";
				TEST_HOST = "$(BUNDLE_LOADER)";
				WRAPPER_EXTENSION = xctest;
			};
			name = Release;
		};
/* End XCBuildConfiguration section */

/* Begin XCConfigurationList section */
		D0613D071957C3B9008EFF37 /* Build configuration list for PBXProject "FBLogin" */ = {
			isa = XCConfigurationList;
			buildConfigurations = (
				D0613D361957C3B9008EFF37 /* Debug */,
				D0613D371957C3B9008EFF37 /* Release */,
			);
			defaultConfigurationIsVisible = 0;
			defaultConfigurationName = Release;
		};
		D0613D381957C3B9008EFF37 /* Build configuration list for PBXNativeTarget "FBLogin" */ = {
			isa = XCConfigurationList;
			buildConfigurations = (
				D0613D391957C3B9008EFF37 /* Debug */,
				D0613D3A1957C3B9008EFF37 /* Release */,
			);
			defaultConfigurationIsVisible = 0;
			defaultConfigurationName = Release;
		};
		D0613D3B1957C3B9008EFF37 /* Build configuration list for PBXNativeTarget "FBLoginTests" */ = {
			isa = XCConfigurationList;
			buildConfigurations = (
				D0613D3C1957C3B9008EFF37 /* Debug */,
				D0613D3D1957C3B9008EFF37 /* Release */,
			);
			defaultConfigurationIsVisible = 0;
			defaultConfigurationName = Release;
		};
/* End XCConfigurationList section */
	};
	rootObject = D0613D041957C3B9008EFF37 /* Project object */;
}
